// !$*UTF8*$!
{
	archiveVersion = 1;
	classes = {
	};
	objectVersion = 50;
	objects = {

/* Begin PBXBuildFile section */
		4F602D2F229BDB7700E5D9A9 /* AppDelegate.swift in Sources */ = {isa = PBXBuildFile; fileRef = 4F602D2E229BDB7700E5D9A9 /* AppDelegate.swift */; };
		4F602D31229BDB7700E5D9A9 /* ViewController.swift in Sources */ = {isa = PBXBuildFile; fileRef = 4F602D30229BDB7700E5D9A9 /* ViewController.swift */; };
		4F602D34229BDB7700E5D9A9 /* Main.storyboard in Resources */ = {isa = PBXBuildFile; fileRef = 4F602D32229BDB7700E5D9A9 /* Main.storyboard */; };
		4F602D36229BDB7800E5D9A9 /* Assets.xcassets in Resources */ = {isa = PBXBuildFile; fileRef = 4F602D35229BDB7800E5D9A9 /* Assets.xcassets */; };
		4F602D39229BDB7800E5D9A9 /* LaunchScreen.storyboard in Resources */ = {isa = PBXBuildFile; fileRef = 4F602D37229BDB7800E5D9A9 /* LaunchScreen.storyboard */; };
		4F602D44229BDB7800E5D9A9 /* UnitTestDemoTests.swift in Sources */ = {isa = PBXBuildFile; fileRef = 4F602D43229BDB7800E5D9A9 /* UnitTestDemoTests.swift */; };
		4F602D4F229BDB7800E5D9A9 /* UnitTestDemoUITests.swift in Sources */ = {isa = PBXBuildFile; fileRef = 4F602D4E229BDB7800E5D9A9 /* UnitTestDemoUITests.swift */; };
		4F602D5D229BDBED00E5D9A9 /* PlayData.swift in Sources */ = {isa = PBXBuildFile; fileRef = 4F602D5C229BDBED00E5D9A9 /* PlayData.swift */; };
/* End PBXBuildFile section */

/* Begin PBXContainerItemProxy section */
		4F602D40229BDB7800E5D9A9 /* PBXContainerItemProxy */ = {
			isa = PBXContainerItemProxy;
			containerPortal = 4F602D23229BDB7700E5D9A9 /* Project object */;
			proxyType = 1;
			remoteGlobalIDString = 4F602D2A229BDB7700E5D9A9;
			remoteInfo = UnitTestDemo;
		};
		4F602D4B229BDB7800E5D9A9 /* PBXContainerItemProxy */ = {
			isa = PBXContainerItemProxy;
			containerPortal = 4F602D23229BDB7700E5D9A9 /* Project object */;
			proxyType = 1;
			remoteGlobalIDString = 4F602D2A229BDB7700E5D9A9;
			remoteInfo = UnitTestDemo;
		};
/* End PBXContainerItemProxy section */

/* Begin PBXFileReference section */
		4F602D2B229BDB7700E5D9A9 /* UnitTestDemo.app */ = {isa = PBXFileReference; explicitFileType = wrapper.application; includeInIndex = 0; path = UnitTestDemo.app; sourceTree = BUILT_PRODUCTS_DIR; };
		4F602D2E229BDB7700E5D9A9 /* AppDelegate.swift */ = {isa = PBXFileReference; lastKnownFileType = sourcecode.swift; path = AppDelegate.swift; sourceTree = "<group>"; };
		4F602D30229BDB7700E5D9A9 /* ViewController.swift */ = {isa = PBXFileReference; lastKnownFileType = sourcecode.swift; path = ViewController.swift; sourceTree = "<group>"; };
		4F602D33229BDB7700E5D9A9 /* Base */ = {isa = PBXFileReference; lastKnownFileType = file.storyboard; name = Base; path = Base.lproj/Main.storyboard; sourceTree = "<group>"; };
		4F602D35229BDB7800E5D9A9 /* Assets.xcassets */ = {isa = PBXFileReference; lastKnownFileType = folder.assetcatalog; path = Assets.xcassets; sourceTree = "<group>"; };
		4F602D38229BDB7800E5D9A9 /* Base */ = {isa = PBXFileReference; lastKnownFileType = file.storyboard; name = Base; path = Base.lproj/LaunchScreen.storyboard; sourceTree = "<group>"; };
		4F602D3A229BDB7800E5D9A9 /* Info.plist */ = {isa = PBXFileReference; lastKnownFileType = text.plist.xml; path = Info.plist; sourceTree = "<group>"; };
		4F602D3F229BDB7800E5D9A9 /* UnitTestDemoTests.xctest */ = {isa = PBXFileReference; explicitFileType = wrapper.cfbundle; includeInIndex = 0; path = UnitTestDemoTests.xctest; sourceTree = BUILT_PRODUCTS_DIR; };
		4F602D43229BDB7800E5D9A9 /* UnitTestDemoTests.swift */ = {isa = PBXFileReference; lastKnownFileType = sourcecode.swift; path = UnitTestDemoTests.swift; sourceTree = "<group>"; };
		4F602D45229BDB7800E5D9A9 /* Info.plist */ = {isa = PBXFileReference; lastKnownFileType = text.plist.xml; path = Info.plist; sourceTree = "<group>"; };
		4F602D4A229BDB7800E5D9A9 /* UnitTestDemoUITests.xctest */ = {isa = PBXFileReference; explicitFileType = wrapper.cfbundle; includeInIndex = 0; path = UnitTestDemoUITests.xctest; sourceTree = BUILT_PRODUCTS_DIR; };
		4F602D4E229BDB7800E5D9A9 /* UnitTestDemoUITests.swift */ = {isa = PBXFileReference; lastKnownFileType = sourcecode.swift; path = UnitTestDemoUITests.swift; sourceTree = "<group>"; };
		4F602D50229BDB7800E5D9A9 /* Info.plist */ = {isa = PBXFileReference; lastKnownFileType = text.plist.xml; path = Info.plist; sourceTree = "<group>"; };
		4F602D5C229BDBED00E5D9A9 /* PlayData.swift */ = {isa = PBXFileReference; lastKnownFileType = sourcecode.swift; path = PlayData.swift; sourceTree = "<group>"; };
/* End PBXFileReference section */

/* Begin PBXFrameworksBuildPhase section */
		4F602D28229BDB7700E5D9A9 /* Frameworks */ = {
			isa = PBXFrameworksBuildPhase;
			buildActionMask = 2147483647;
			files = (
			);
			runOnlyForDeploymentPostprocessing = 0;
		};
		4F602D3C229BDB7800E5D9A9 /* Frameworks */ = {
			isa = PBXFrameworksBuildPhase;
			buildActionMask = 2147483647;
			files = (
			);
			runOnlyForDeploymentPostprocessing = 0;
		};
		4F602D47229BDB7800E5D9A9 /* Frameworks */ = {
			isa = PBXFrameworksBuildPhase;
			buildActionMask = 2147483647;
			files = (
			);
			runOnlyForDeploymentPostprocessing = 0;
		};
/* End PBXFrameworksBuildPhase section */

/* Begin PBXGroup section */
		4F602D22229BDB7700E5D9A9 = {
			isa = PBXGroup;
			children = (
				4F602D2D229BDB7700E5D9A9 /* UnitTestDemo */,
				4F602D42229BDB7800E5D9A9 /* UnitTestDemoTests */,
				4F602D4D229BDB7800E5D9A9 /* UnitTestDemoUITests */,
				4F602D2C229BDB7700E5D9A9 /* Products */,
			);
			sourceTree = "<group>";
		};
		4F602D2C229BDB7700E5D9A9 /* Products */ = {
			isa = PBXGroup;
			children = (
				4F602D2B229BDB7700E5D9A9 /* UnitTestDemo.app */,
				4F602D3F229BDB7800E5D9A9 /* UnitTestDemoTests.xctest */,
				4F602D4A229BDB7800E5D9A9 /* UnitTestDemoUITests.xctest */,
			);
			name = Products;
			sourceTree = "<group>";
		};
		4F602D2D229BDB7700E5D9A9 /* UnitTestDemo */ = {
			isa = PBXGroup;
			children = (
				4F602D2E229BDB7700E5D9A9 /* AppDelegate.swift */,
				4F602D30229BDB7700E5D9A9 /* ViewController.swift */,
				4F602D5C229BDBED00E5D9A9 /* PlayData.swift */,
				4F602D32229BDB7700E5D9A9 /* Main.storyboard */,
				4F602D35229BDB7800E5D9A9 /* Assets.xcassets */,
				4F602D37229BDB7800E5D9A9 /* LaunchScreen.storyboard */,
				4F602D3A229BDB7800E5D9A9 /* Info.plist */,
			);
			path = UnitTestDemo;
			sourceTree = "<group>";
		};
		4F602D42229BDB7800E5D9A9 /* UnitTestDemoTests */ = {
			isa = PBXGroup;
			children = (
				4F602D43229BDB7800E5D9A9 /* UnitTestDemoTests.swift */,
				4F602D45229BDB7800E5D9A9 /* Info.plist */,
			);
			path = UnitTestDemoTests;
			sourceTree = "<group>";
		};
		4F602D4D229BDB7800E5D9A9 /* UnitTestDemoUITests */ = {
			isa = PBXGroup;
			children = (
				4F602D4E229BDB7800E5D9A9 /* UnitTestDemoUITests.swift */,
				4F602D50229BDB7800E5D9A9 /* Info.plist */,
			);
			path = UnitTestDemoUITests;
			sourceTree = "<group>";
		};
/* End PBXGroup section */

/* Begin PBXNativeTarget section */
		4F602D2A229BDB7700E5D9A9 /* UnitTestDemo */ = {
			isa = PBXNativeTarget;
			buildConfigurationList = 4F602D53229BDB7800E5D9A9 /* Build configuration list for PBXNativeTarget "UnitTestDemo" */;
			buildPhases = (
				4F602D27229BDB7700E5D9A9 /* Sources */,
				4F602D28229BDB7700E5D9A9 /* Frameworks */,
				4F602D29229BDB7700E5D9A9 /* Resources */,
			);
			buildRules = (
			);
			dependencies = (
			);
			name = UnitTestDemo;
			productName = UnitTestDemo;
			productReference = 4F602D2B229BDB7700E5D9A9 /* UnitTestDemo.app */;
			productType = "com.apple.product-type.application";
		};
		4F602D3E229BDB7800E5D9A9 /* UnitTestDemoTests */ = {
			isa = PBXNativeTarget;
			buildConfigurationList = 4F602D56229BDB7800E5D9A9 /* Build configuration list for PBXNativeTarget "UnitTestDemoTests" */;
			buildPhases = (
				4F602D3B229BDB7800E5D9A9 /* Sources */,
				4F602D3C229BDB7800E5D9A9 /* Frameworks */,
				4F602D3D229BDB7800E5D9A9 /* Resources */,
			);
			buildRules = (
			);
			dependencies = (
				4F602D41229BDB7800E5D9A9 /* PBXTargetDependency */,
			);
			name = UnitTestDemoTests;
			productName = UnitTestDemoTests;
			productReference = 4F602D3F229BDB7800E5D9A9 /* UnitTestDemoTests.xctest */;
			productType = "com.apple.product-type.bundle.unit-test";
		};
		4F602D49229BDB7800E5D9A9 /* UnitTestDemoUITests */ = {
			isa = PBXNativeTarget;
			buildConfigurationList = 4F602D59229BDB7800E5D9A9 /* Build configuration list for PBXNativeTarget "UnitTestDemoUITests" */;
			buildPhases = (
				4F602D46229BDB7800E5D9A9 /* Sources */,
				4F602D47229BDB7800E5D9A9 /* Frameworks */,
				4F602D48229BDB7800E5D9A9 /* Resources */,
			);
			buildRules = (
			);
			dependencies = (
				4F602D4C229BDB7800E5D9A9 /* PBXTargetDependency */,
			);
			name = UnitTestDemoUITests;
			productName = UnitTestDemoUITests;
			productReference = 4F602D4A229BDB7800E5D9A9 /* UnitTestDemoUITests.xctest */;
			productType = "com.apple.product-type.bundle.ui-testing";
		};
/* End PBXNativeTarget section */

/* Begin PBXProject section */
		4F602D23229BDB7700E5D9A9 /* Project object */ = {
			isa = PBXProject;
			attributes = {
				LastSwiftUpdateCheck = 1010;
				LastUpgradeCheck = 1010;
				ORGANIZATIONNAME = "Manish Sharma";
				TargetAttributes = {
					4F602D2A229BDB7700E5D9A9 = {
						CreatedOnToolsVersion = 10.1;
					};
					4F602D3E229BDB7800E5D9A9 = {
						CreatedOnToolsVersion = 10.1;
						TestTargetID = 4F602D2A229BDB7700E5D9A9;
					};
					4F602D49229BDB7800E5D9A9 = {
						CreatedOnToolsVersion = 10.1;
						TestTargetID = 4F602D2A229BDB7700E5D9A9;
					};
				};
			};
			buildConfigurationList = 4F602D26229BDB7700E5D9A9 /* Build configuration list for PBXProject "UnitTestDemo" */;
			compatibilityVersion = "Xcode 9.3";
			developmentRegion = en;
			hasScannedForEncodings = 0;
			knownRegions = (
				en,
				Base,
			);
			mainGroup = 4F602D22229BDB7700E5D9A9;
			productRefGroup = 4F602D2C229BDB7700E5D9A9 /* Products */;
			projectDirPath = "";
			projectRoot = "";
			targets = (
				4F602D2A229BDB7700E5D9A9 /* UnitTestDemo */,
				4F602D3E229BDB7800E5D9A9 /* UnitTestDemoTests */,
				4F602D49229BDB7800E5D9A9 /* UnitTestDemoUITests */,
			);
		};
/* End PBXProject section */

/* Begin PBXResourcesBuildPhase section */
		4F602D29229BDB7700E5D9A9 /* Resources */ = {
			isa = PBXResourcesBuildPhase;
			buildActionMask = 2147483647;
			files = (
				4F602D39229BDB7800E5D9A9 /* LaunchScreen.storyboard in Resources */,
				4F602D36229BDB7800E5D9A9 /* Assets.xcassets in Resources */,
				4F602D34229BDB7700E5D9A9 /* Main.storyboard in Resources */,
			);
			runOnlyForDeploymentPostprocessing = 0;
		};
		4F602D3D229BDB7800E5D9A9 /* Resources */ = {
			isa = PBXResourcesBuildPhase;
			buildActionMask = 2147483647;
			files = (
			);
			runOnlyForDeploymentPostprocessing = 0;
		};
		4F602D48229BDB7800E5D9A9 /* Resources */ = {
			isa = PBXResourcesBuildPhase;
			buildActionMask = 2147483647;
			files = (
			);
			runOnlyForDeploymentPostprocessing = 0;
		};
/* End PBXResourcesBuildPhase section */

/* Begin PBXSourcesBuildPhase section */
		4F602D27229BDB7700E5D9A9 /* Sources */ = {
			isa = PBXSourcesBuildPhase;
			buildActionMask = 2147483647;
			files = (
				4F602D5D229BDBED00E5D9A9 /* PlayData.swift in Sources */,
				4F602D31229BDB7700E5D9A9 /* ViewController.swift in Sources */,
				4F602D2F229BDB7700E5D9A9 /* AppDelegate.swift in Sources */,
			);
			runOnlyForDeploymentPostprocessing = 0;
		};
		4F602D3B229BDB7800E5D9A9 /* Sources */ = {
			isa = PBXSourcesBuildPhase;
			buildActionMask = 2147483647;
			files = (
				4F602D44229BDB7800E5D9A9 /* UnitTestDemoTests.swift in Sources */,
			);
			runOnlyForDeploymentPostprocessing = 0;
		};
		4F602D46229BDB7800E5D9A9 /* Sources */ = {
			isa = PBXSourcesBuildPhase;
			buildActionMask = 2147483647;
			files = (
				4F602D4F229BDB7800E5D9A9 /* UnitTestDemoUITests.swift in Sources */,
			);
			runOnlyForDeploymentPostprocessing = 0;
		};
/* End PBXSourcesBuildPhase section */

/* Begin PBXTargetDependency section */
		4F602D41229BDB7800E5D9A9 /* PBXTargetDependency */ = {
			isa = PBXTargetDependency;
			target = 4F602D2A229BDB7700E5D9A9 /* UnitTestDemo */;
			targetProxy = 4F602D40229BDB7800E5D9A9 /* PBXContainerItemProxy */;
		};
		4F602D4C229BDB7800E5D9A9 /* PBXTargetDependency */ = {
			isa = PBXTargetDependency;
			target = 4F602D2A229BDB7700E5D9A9 /* UnitTestDemo */;
			targetProxy = 4F602D4B229BDB7800E5D9A9 /* PBXContainerItemProxy */;
		};
/* End PBXTargetDependency section */

/* Begin PBXVariantGroup section */
		4F602D32229BDB7700E5D9A9 /* Main.storyboard */ = {
			isa = PBXVariantGroup;
			children = (
				4F602D33229BDB7700E5D9A9 /* Base */,
			);
			name = Main.storyboard;
			sourceTree = "<group>";
		};
		4F602D37229BDB7800E5D9A9 /* LaunchScreen.storyboard */ = {
			isa = PBXVariantGroup;
			children = (
				4F602D38229BDB7800E5D9A9 /* Base */,
			);
			name = LaunchScreen.storyboard;
			sourceTree = "<group>";
		};
/* End PBXVariantGroup section */

/* Begin XCBuildConfiguration section */
		4F602D51229BDB7800E5D9A9 /* Debug */ = {
			isa = XCBuildConfiguration;
			buildSettings = {
				ALWAYS_SEARCH_USER_PATHS = NO;
				CLANG_ANALYZER_NONNULL = YES;
				CLANG_ANALYZER_NUMBER_OBJECT_CONVERSION = YES_AGGRESSIVE;
				CLANG_CXX_LANGUAGE_STANDARD = "gnu++14";
				CLANG_CXX_LIBRARY = "libc++";
				CLANG_ENABLE_MODULES = YES;
				CLANG_ENABLE_OBJC_ARC = YES;
				CLANG_ENABLE_OBJC_WEAK = YES;
				CLANG_WARN_BLOCK_CAPTURE_AUTORELEASING = YES;
				CLANG_WARN_BOOL_CONVERSION = YES;
				CLANG_WARN_COMMA = YES;
				CLANG_WARN_CONSTANT_CONVERSION = YES;
				CLANG_WARN_DEPRECATED_OBJC_IMPLEMENTATIONS = YES;
				CLANG_WARN_DIRECT_OBJC_ISA_USAGE = YES_ERROR;
				CLANG_WARN_DOCUMENTATION_COMMENTS = YES;
				CLANG_WARN_EMPTY_BODY = YES;
				CLANG_WARN_ENUM_CONVERSION = YES;
				CLANG_WARN_INFINITE_RECURSION = YES;
				CLANG_WARN_INT_CONVERSION = YES;
				CLANG_WARN_NON_LITERAL_NULL_CONVERSION = YES;
				CLANG_WARN_OBJC_IMPLICIT_RETAIN_SELF = YES;
				CLANG_WARN_OBJC_LITERAL_CONVERSION = YES;
				CLANG_WARN_OBJC_ROOT_CLASS = YES_ERROR;
				CLANG_WARN_RANGE_LOOP_ANALYSIS = YES;
				CLANG_WARN_STRICT_PROTOTYPES = YES;
				CLANG_WARN_SUSPICIOUS_MOVE = YES;
				CLANG_WARN_UNGUARDED_AVAILABILITY = YES_AGGRESSIVE;
				CLANG_WARN_UNREACHABLE_CODE = YES;
				CLANG_WARN__DUPLICATE_METHOD_MATCH = YES;
				CODE_SIGN_IDENTITY = "iPhone Developer";
				COPY_PHASE_STRIP = NO;
				DEBUG_INFORMATION_FORMAT = dwarf;
				ENABLE_STRICT_OBJC_MSGSEND = YES;
				ENABLE_TESTABILITY = YES;
				GCC_C_LANGUAGE_STANDARD = gnu11;
				GCC_DYNAMIC_NO_PIC = NO;
				GCC_NO_COMMON_BLOCKS = YES;
				GCC_OPTIMIZATION_LEVEL = 0;
				GCC_PREPROCESSOR_DEFINITIONS = (
					"DEBUG=1",
					"$(inherited)",
				);
				GCC_WARN_64_TO_32_BIT_CONVERSION = YES;
				GCC_WARN_ABOUT_RETURN_TYPE = YES_ERROR;
				GCC_WARN_UNDECLARED_SELECTOR = YES;
				GCC_WARN_UNINITIALIZED_AUTOS = YES_AGGRESSIVE;
				GCC_WARN_UNUSED_FUNCTION = YES;
				GCC_WARN_UNUSED_VARIABLE = YES;
				IPHONEOS_DEPLOYMENT_TARGET = 12.1;
				MTL_ENABLE_DEBUG_INFO = INCLUDE_SOURCE;
				MTL_FAST_MATH = YES;
				ONLY_ACTIVE_ARCH = YES;
				SDKROOT = iphoneos;
				SWIFT_ACTIVE_COMPILATION_CONDITIONS = DEBUG;
				SWIFT_OPTIMIZATION_LEVEL = "-Onone";
			};
			name = Debug;
		};
		4F602D52229BDB7800E5D9A9 /* Release */ = {
			isa = XCBuildConfiguration;
			buildSettings = {
				ALWAYS_SEARCH_USER_PATHS = NO;
				CLANG_ANALYZER_NONNULL = YES;
				CLANG_ANALYZER_NUMBER_OBJECT_CONVERSION = YES_AGGRESSIVE;
				CLANG_CXX_LANGUAGE_STANDARD = "gnu++14";
				CLANG_CXX_LIBRARY = "libc++";
				CLANG_ENABLE_MODULES = YES;
				CLANG_ENABLE_OBJC_ARC = YES;
				CLANG_ENABLE_OBJC_WEAK = YES;
				CLANG_WARN_BLOCK_CAPTURE_AUTORELEASING = YES;
				CLANG_WARN_BOOL_CONVERSION = YES;
				CLANG_WARN_COMMA = YES;
				CLANG_WARN_CONSTANT_CONVERSION = YES;
				CLANG_WARN_DEPRECATED_OBJC_IMPLEMENTATIONS = YES;
				CLANG_WARN_DIRECT_OBJC_ISA_USAGE = YES_ERROR;
				CLANG_WARN_DOCUMENTATION_COMMENTS = YES;
				CLANG_WARN_EMPTY_BODY = YES;
				CLANG_WARN_ENUM_CONVERSION = YES;
				CLANG_WARN_INFINITE_RECURSION = YES;
				CLANG_WARN_INT_CONVERSION = YES;
				CLANG_WARN_NON_LITERAL_NULL_CONVERSION = YES;
				CLANG_WARN_OBJC_IMPLICIT_RETAIN_SELF = YES;
				CLANG_WARN_OBJC_LITERAL_CONVERSION = YES;
				CLANG_WARN_OBJC_ROOT_CLASS = YES_ERROR;
				CLANG_WARN_RANGE_LOOP_ANALYSIS = YES;
				CLANG_WARN_STRICT_PROTOTYPES = YES;
				CLANG_WARN_SUSPICIOUS_MOVE = YES;
				CLANG_WARN_UNGUARDED_AVAILABILITY = YES_AGGRESSIVE;
				CLANG_WARN_UNREACHABLE_CODE = YES;
				CLANG_WARN__DUPLICATE_METHOD_MATCH = YES;
				CODE_SIGN_IDENTITY = "iPhone Developer";
				COPY_PHASE_STRIP = NO;
				DEBUG_INFORMATION_FORMAT = "dwarf-with-dsym";
				ENABLE_NS_ASSERTIONS = NO;
				ENABLE_STRICT_OBJC_MSGSEND = YES;
				GCC_C_LANGUAGE_STANDARD = gnu11;
				GCC_NO_COMMON_BLOCKS = YES;
				GCC_WARN_64_TO_32_BIT_CONVERSION = YES;
				GCC_WARN_ABOUT_RETURN_TYPE = YES_ERROR;
				GCC_WARN_UNDECLARED_SELECTOR = YES;
				GCC_WARN_UNINITIALIZED_AUTOS = YES_AGGRESSIVE;
				GCC_WARN_UNUSED_FUNCTION = YES;
				GCC_WARN_UNUSED_VARIABLE = YES;
				IPHONEOS_DEPLOYMENT_TARGET = 12.1;
				MTL_ENABLE_DEBUG_INFO = NO;
				MTL_FAST_MATH = YES;
				SDKROOT = iphoneos;
				SWIFT_COMPILATION_MODE = wholemodule;
				SWIFT_OPTIMIZATION_LEVEL = "-O";
				VALIDATE_PRODUCT = YES;
			};
			name = Release;
		};
		4F602D54229BDB7800E5D9A9 /* Debug */ = {
			isa = XCBuildConfiguration;
			buildSettings = {
				ASSETCATALOG_COMPILER_APPICON_NAME = AppIcon;
				CODE_SIGN_STYLE = Automatic;
				INFOPLIST_FILE = UnitTestDemo/Info.plist;
				LD_RUNPATH_SEARCH_PATHS = (
					"$(inherited)",
					"@executable_path/Frameworks",
				);
				PRODUCT_BUNDLE_IDENTIFIER = com.iTouchvision.UnitTestDemo;
				PRODUCT_NAME = "$(TARGET_NAME)";
				SWIFT_VERSION = 4.2;
				TARGETED_DEVICE_FAMILY = "1,2";
			};
			name = Debug;
		};
		4F602D55229BDB7800E5D9A9 /* Release */ = {
			isa = XCBuildConfiguration;
			buildSettings = {
				ASSETCATALOG_COMPILER_APPICON_NAME = AppIcon;
				CODE_SIGN_STYLE = Automatic;
				INFOPLIST_FILE = UnitTestDemo/Info.plist;
				LD_RUNPATH_SEARCH_PATHS = (
					"$(inherited)",
					"@executable_path/Frameworks",
				);
				PRODUCT_BUNDLE_IDENTIFIER = com.iTouchvision.UnitTestDemo;
				PRODUCT_NAME = "$(TARGET_NAME)";
				SWIFT_VERSION = 4.2;
				TARGETED_DEVICE_FAMILY = "1,2";
			};
			name = Release;
		};
		4F602D57229BDB7800E5D9A9 /* Debug */ = {
			isa = XCBuildConfiguration;
			buildSettings = {
				ALWAYS_EMBED_SWIFT_STANDARD_LIBRARIES = YES;
				BUNDLE_LOADER = "$(TEST_HOST)";
				CODE_SIGN_STYLE = Automatic;
				INFOPLIST_FILE = UnitTestDemoTests/Info.plist;
				LD_RUNPATH_SEARCH_PATHS = (
					"$(inherited)",
					"@executable_path/Frameworks",
					"@loader_path/Frameworks",
				);
				PRODUCT_BUNDLE_IDENTIFIER = com.iTouchvision.UnitTestDemoTests;
				PRODUCT_NAME = "$(TARGET_NAME)";
				SWIFT_VERSION = 4.2;
				TARGETED_DEVICE_FAMILY = "1,2";
				TEST_HOST = "$(BUILT_PRODUCTS_DIR)/UnitTestDemo.app/UnitTestDemo";
			};
			name = Debug;
		};
		4F602D58229BDB7800E5D9A9 /* Release */ = {
			isa = XCBuildConfiguration;
			buildSettings = {
				ALWAYS_EMBED_SWIFT_STANDARD_LIBRARIES = YES;
				BUNDLE_LOADER = "$(TEST_HOST)";
				CODE_SIGN_STYLE = Automatic;
				INFOPLIST_FILE = UnitTestDemoTests/Info.plist;
				LD_RUNPATH_SEARCH_PATHS = (
					"$(inherited)",
					"@executable_path/Frameworks",
					"@loader_path/Frameworks",
				);
				PRODUCT_BUNDLE_IDENTIFIER = com.iTouchvision.UnitTestDemoTests;
				PRODUCT_NAME = "$(TARGET_NAME)";
				SWIFT_VERSION = 4.2;
				TARGETED_DEVICE_FAMILY = "1,2";
				TEST_HOST = "$(BUILT_PRODUCTS_DIR)/UnitTestDemo.app/UnitTestDemo";
			};
			name = Release;
		};
		4F602D5A229BDB7800E5D9A9 /* Debug */ = {
			isa = XCBuildConfiguration;
			buildSettings = {
				ALWAYS_EMBED_SWIFT_STANDARD_LIBRARIES = YES;
				CODE_SIGN_STYLE = Automatic;
				INFOPLIST_FILE = UnitTestDemoUITests/Info.plist;
				LD_RUNPATH_SEARCH_PATHS = (
					"$(inherited)",
					"@executable_path/Frameworks",
					"@loader_path/Frameworks",
				);
				PRODUCT_BUNDLE_IDENTIFIER = com.iTouchvision.UnitTestDemoUITests;
				PRODUCT_NAME = "$(TARGET_NAME)";
				SWIFT_VERSION = 4.2;
				TARGETED_DEVICE_FAMILY = "1,2";
				TEST_TARGET_NAME = UnitTestDemo;
			};
			name = Debug;
		};
		4F602D5B229BDB7800E5D9A9 /* Release */ = {
			isa = XCBuildConfiguration;
			buildSettings = {
				ALWAYS_EMBED_SWIFT_STANDARD_LIBRARIES = YES;
				CODE_SIGN_STYLE = Automatic;
				INFOPLIST_FILE = UnitTestDemoUITests/Info.plist;
				LD_RUNPATH_SEARCH_PATHS = (
					"$(inherited)",
					"@executable_path/Frameworks",
					"@loader_path/Frameworks",
				);
				PRODUCT_BUNDLE_IDENTIFIER = com.iTouchvision.UnitTestDemoUITests;
				PRODUCT_NAME = "$(TARGET_NAME)";
				SWIFT_VERSION = 4.2;
				TARGETED_DEVICE_FAMILY = "1,2";
				TEST_TARGET_NAME = UnitTestDemo;
			};
			name = Release;
		};
/* End XCBuildConfiguration section */

/* Begin XCConfigurationList section */
		4F602D26229BDB7700E5D9A9 /* Build configuration list for PBXProject "UnitTestDemo" */ = {
			isa = XCConfigurationList;
			buildConfigurations = (
				4F602D51229BDB7800E5D9A9 /* Debug */,
				4F602D52229BDB7800E5D9A9 /* Release */,
			);
			defaultConfigurationIsVisible = 0;
			defaultConfigurationName = Release;
		};
		4F602D53229BDB7800E5D9A9 /* Build configuration list for PBXNativeTarget "UnitTestDemo" */ = {
			isa = XCConfigurationList;
			buildConfigurations = (
				4F602D54229BDB7800E5D9A9 /* Debug */,
				4F602D55229BDB7800E5D9A9 /* Release */,
			);
			defaultConfigurationIsVisible = 0;
			defaultConfigurationName = Release;
		};
		4F602D56229BDB7800E5D9A9 /* Build configuration list for PBXNativeTarget "UnitTestDemoTests" */ = {
			isa = XCConfigurationList;
			buildConfigurations = (
				4F602D57229BDB7800E5D9A9 /* Debug */,
				4F602D58229BDB7800E5D9A9 /* Release */,
			);
			defaultConfigurationIsVisible = 0;
			defaultConfigurationName = Release;
		};
		4F602D59229BDB7800E5D9A9 /* Build configuration list for PBXNativeTarget "UnitTestDemoUITests" */ = {
			isa = XCConfigurationList;
			buildConfigurations = (
				4F602D5A229BDB7800E5D9A9 /* Debug */,
				4F602D5B229BDB7800E5D9A9 /* Release */,
			);
			defaultConfigurationIsVisible = 0;
			defaultConfigurationName = Release;
		};
/* End XCConfigurationList section */
	};
	rootObject = 4F602D23229BDB7700E5D9A9 /* Project object */;
}
